
Microsoft Visual Studio Solution File, Format Version 12.00
# Visual Studio Version 17
VisualStudioVersion = 17.14.36623.8 d17.14
MinimumVisualStudioVersion = 10.0.40219.1
Project("{FAE04EC0-301F-11D3-BF4B-00C04F79EFBC}") = "Adros.Apis.AppHost", "Adros.Apis.AppHost.csproj", "{A870DC81-959F-E929-B514-53D8DB264554}"
EndProject
Global
	GlobalSection(SolutionConfigurationPlatforms) = preSolution
		Debug|Any CPU = Debug|Any CPU
		Release|Any CPU = Release|Any CPU
	EndGlobalSection
	GlobalSection(ProjectConfigurationPlatforms) = postSolution
		{A870DC81-959F-E929-B514-53D8DB264554}.Debug|Any CPU.ActiveCfg = Debug|Any CPU
		{A870DC81-959F-E929-B514-53D8DB264554}.Debug|Any CPU.Build.0 = Debug|Any CPU
		{A870DC81-959F-E929-B514-53D8DB264554}.Release|Any CPU.ActiveCfg = Release|Any CPU
		{A870DC81-959F-E929-B514-53D8DB264554}.Release|Any CPU.Build.0 = Release|Any CPU
	EndGlobalSection
	GlobalSection(SolutionProperties) = preSolution
		HideSolutionNode = FALSE
	EndGlobalSection
	GlobalSection(ExtensibilityGlobals) = postSolution
		SolutionGuid = {C126D5A3-6A90-45C9-A951-AA8EEFB86B2D}
	EndGlobalSection
EndGlobal
